# THIS IS AN AUTOGENERATED FILE. DO NOT EDIT THIS FILE DIRECTLY.
# yarn lockfile v1


animate.css@^4.1.1:
  version "4.1.1"
  resolved "https://registry.yarnpkg.com/animate.css/-/animate.css-4.1.1.tgz#614ec5a81131d7e4dc362a58143f7406abd68075"
  integrity sha512-+mRmCTv6SbCmtYJCN4faJMNFVNN5EuCTTprDTAo7YzIGji2KADmakjVA3+8mVDkZ2Bf09vayB35lSQIex2+QaQ==

howler@^2.2.1:
  version "2.2.1"
  resolved "https://registry.yarnpkg.com/howler/-/howler-2.2.1.tgz#a521a9b495841e8bb9aa12e651bebba0affc179e"
  integrity sha512-0iIXvuBO/81CcrQ/HSSweYmbT50fT2mIc9XMFb+kxIfk2pW/iKzDbX1n3fZmDXMEIpYvyyfrB+gXwPYSDqUxIQ==

normalize.css@^8.0.1:
  version "8.0.1"
  resolved "https://registry.yarnpkg.com/normalize.css/-/normalize.css-8.0.1.tgz#9b98a208738b9cc2634caacbc42d131c97487bf3"
  integrity sha512-qizSNPO93t1YUuUhP22btGOo3chcvDFqFaj2TRybP0DMxkHOCTYwp3n34fel4a31ORXy4m1Xq0Gyqpb5m33qIg==

sakura.css@^1.3.1:
  version "1.3.1"
  resolved "https://registry.yarnpkg.com/sakura.css/-/sakura.css-1.3.1.tgz#90f03dd20d6bd2500fc12a11e8105ce183c176e8"
  integrity sha512-J1Lj9yrAAs8OMseVDTIJPh5BxhZZEUz2VKkzj1u4HgjljVnIvVbCEfJKzjWolJTIs8SCxZ0murVJg0Ah7kK/yw==
